{
  "name": "willow",
  "version": "1.0.0",
  "lockfileVersion": 1,
  "requires": true,
  "dependencies": {
    "is-any-array": {
      "version": "0.0.3",
      "resolved": "https://registry.npmjs.org/is-any-array/-/is-any-array-0.0.3.tgz",
      "integrity": "sha512-Lr5SRykZv6uuYMZURz7+YpigT1ziTBHOTgFJ1zK7gL+9Wbet5Ha1ws6S84Jo/lH4zep02b95sk6o4+MTk97mPQ=="
    },
    "ml-array-max": {
      "version": "1.1.1",
      "resolved": "https://registry.npmjs.org/ml-array-max/-/ml-array-max-1.1.1.tgz",
      "integrity": "sha512-lEtVH02mkRESnwCq6y0w8rrnRltwlEmYKRuYNZGSmpiqL+TcHc1Z/kn73Ga9L3iFtyYOtmdLGug0ufGy0xbfmw==",
      "requires": {
        "is-any-array": "^0.0.3"
      }
    },
    "ml-array-min": {
      "version": "1.1.1",
      "resolved": "https://registry.npmjs.org/ml-array-min/-/ml-array-min-1.1.1.tgz",
      "integrity": "sha512-xwUm80ktZLoKMK5j0yilCM8/X07KaW/yvnBiqxPxLRkzIEqK2NA2lHw5uvDpfEYYBUzZbMIG/jHDum+YrjKvPg==",
      "requires": {
        "is-any-array": "^0.0.3"
      }
    },
    "ml-array-rescale": {
      "version": "1.2.1",
      "resolved": "https://registry.npmjs.org/ml-array-rescale/-/ml-array-rescale-1.2.1.tgz",
      "integrity": "sha512-C9YliVwYknxBNFXXbCFwCDUZScZkgL82CEL4GdpdhWAvUTZIRn7opAOOj4ZnZZXjIrUFCV+YB99DKM1frd9eOQ==",
      "requires": {
        "is-any-array": "^0.0.3",
        "ml-array-max": "^1.1.1",
        "ml-array-min": "^1.1.1"
      }
    },
    "ml-dataset-iris": {
      "version": "1.0.0",
      "resolved": "https://registry.npmjs.org/ml-dataset-iris/-/ml-dataset-iris-1.0.0.tgz",
      "integrity": "sha1-Qg8yy1uHTwo7AI/JmcswxtzX4So="
    },
    "ml-matrix": {
      "version": "5.3.0",
      "resolved": "https://registry.npmjs.org/ml-matrix/-/ml-matrix-5.3.0.tgz",
      "integrity": "sha512-DuvdXYwfGRpM+7MVdvi/zSjiazn+8QPrACT3Xi0pQpYx5SXZ1WuFYwUDXTSmV9+hrCxRhrC4hrzesNcfjpvOsw==",
      "requires": {
        "ml-array-max": "^1.1.1",
        "ml-array-rescale": "^1.2.1"
      }
    },
    "ml-xgboost": {
      "version": "1.1.2",
      "resolved": "https://registry.npmjs.org/ml-xgboost/-/ml-xgboost-1.1.2.tgz",
      "integrity": "sha512-/ltgIp0OJ8/RBoSGDhK5caFkKMkEv9dwcTKXFi+lEG4BlL3iXtwMFzgn8gI+R8BybRUh/PA0ISSAyDCluAqMUQ==",
      "requires": {
        "ml-matrix": "^5.0.1"
      }
    },
    "papaparse": {
      "version": "4.6.3",
      "resolved": "https://registry.npmjs.org/papaparse/-/papaparse-4.6.3.tgz",
      "integrity": "sha512-LRq7BrHC2kHPBYSD50aKuw/B/dGcg29omyJbKWY3KsYUZU69RKwaBHu13jGmCYBtOc4odsLCrFyk6imfyNubJQ=="
    }
  }
}
